// !$*UTF8*$!
{
	archiveVersion = 1;
	classes = {
	};
	objectVersion = 56;
	objects = {

/* Begin PBXBuildFile section */
		A3BEC31928F7853400004532 /* LandmarksApp.swift in Sources */ = {isa = PBXBuildFile; fileRef = A3BEC31828F7853400004532 /* LandmarksApp.swift */; };
		A3BEC31B28F7853400004532 /* ContentView.swift in Sources */ = {isa = PBXBuildFile; fileRef = A3BEC31A28F7853400004532 /* ContentView.swift */; };
		A3BEC31D28F7853500004532 /* Assets.xcassets in Resources */ = {isa = PBXBuildFile; fileRef = A3BEC31C28F7853500004532 /* Assets.xcassets */; };
		A3BEC32028F7853500004532 /* Preview Assets.xcassets in Resources */ = {isa = PBXBuildFile; fileRef = A3BEC31F28F7853500004532 /* Preview Assets.xcassets */; };
		A3BEC32928F7882B00004532 /* CircleImage.swift in Sources */ = {isa = PBXBuildFile; fileRef = A3BEC32828F7882B00004532 /* CircleImage.swift */; };
		A3BEC32B28F7C5A300004532 /* MapView.swift in Sources */ = {isa = PBXBuildFile; fileRef = A3BEC32A28F7C5A300004532 /* MapView.swift */; };
		A3BEC32D28F7CD2A00004532 /* landmarkData.json in Resources */ = {isa = PBXBuildFile; fileRef = A3BEC32C28F7CD2A00004532 /* landmarkData.json */; };
		A3BEC32F28F7CD3800004532 /* Landmark.swift in Sources */ = {isa = PBXBuildFile; fileRef = A3BEC32E28F7CD3800004532 /* Landmark.swift */; };
		A3BEC33328F7CEDC00004532 /* ModelData.swift in Sources */ = {isa = PBXBuildFile; fileRef = A3BEC33228F7CEDC00004532 /* ModelData.swift */; };
		A3BEC33828F7CFFB00004532 /* LandmarkRow.swift in Sources */ = {isa = PBXBuildFile; fileRef = A3BEC33728F7CFFB00004532 /* LandmarkRow.swift */; };
		A3BEC33A28F7D12C00004532 /* LandmarkList.swift in Sources */ = {isa = PBXBuildFile; fileRef = A3BEC33928F7D12C00004532 /* LandmarkList.swift */; };
		A3BEC33C28F7D21D00004532 /* LandmarkDetail.swift in Sources */ = {isa = PBXBuildFile; fileRef = A3BEC33B28F7D21D00004532 /* LandmarkDetail.swift */; };
		A3BEC33E28F7DAA800004532 /* FavoriteButton.swift in Sources */ = {isa = PBXBuildFile; fileRef = A3BEC33D28F7DAA800004532 /* FavoriteButton.swift */; };
/* End PBXBuildFile section */

/* Begin PBXFileReference section */
		A3BEC31528F7853400004532 /* Landmarks.app */ = {isa = PBXFileReference; explicitFileType = wrapper.application; includeInIndex = 0; path = Landmarks.app; sourceTree = BUILT_PRODUCTS_DIR; };
		A3BEC31828F7853400004532 /* LandmarksApp.swift */ = {isa = PBXFileReference; lastKnownFileType = sourcecode.swift; path = LandmarksApp.swift; sourceTree = "<group>"; };
		A3BEC31A28F7853400004532 /* ContentView.swift */ = {isa = PBXFileReference; lastKnownFileType = sourcecode.swift; path = ContentView.swift; sourceTree = "<group>"; };
		A3BEC31C28F7853500004532 /* Assets.xcassets */ = {isa = PBXFileReference; lastKnownFileType = folder.assetcatalog; path = Assets.xcassets; sourceTree = "<group>"; };
		A3BEC31F28F7853500004532 /* Preview Assets.xcassets */ = {isa = PBXFileReference; lastKnownFileType = folder.assetcatalog; path = "Preview Assets.xcassets"; sourceTree = "<group>"; };
		A3BEC32828F7882B00004532 /* CircleImage.swift */ = {isa = PBXFileReference; lastKnownFileType = sourcecode.swift; path = CircleImage.swift; sourceTree = "<group>"; };
		A3BEC32A28F7C5A300004532 /* MapView.swift */ = {isa = PBXFileReference; lastKnownFileType = sourcecode.swift; path = MapView.swift; sourceTree = "<group>"; };
		A3BEC32C28F7CD2A00004532 /* landmarkData.json */ = {isa = PBXFileReference; fileEncoding = 4; lastKnownFileType = text.json; path = landmarkData.json; sourceTree = "<group>"; };
		A3BEC32E28F7CD3800004532 /* Landmark.swift */ = {isa = PBXFileReference; lastKnownFileType = sourcecode.swift; path = Landmark.swift; sourceTree = "<group>"; };
		A3BEC33228F7CEDC00004532 /* ModelData.swift */ = {isa = PBXFileReference; lastKnownFileType = sourcecode.swift; path = ModelData.swift; sourceTree = "<group>"; };
		A3BEC33728F7CFFB00004532 /* LandmarkRow.swift */ = {isa = PBXFileReference; lastKnownFileType = sourcecode.swift; name = LandmarkRow.swift; path = Landmarks/LandmarkRow.swift; sourceTree = SOURCE_ROOT; };
		A3BEC33928F7D12C00004532 /* LandmarkList.swift */ = {isa = PBXFileReference; lastKnownFileType = sourcecode.swift; name = LandmarkList.swift; path = Landmarks/LandmarkList.swift; sourceTree = SOURCE_ROOT; };
		A3BEC33B28F7D21D00004532 /* LandmarkDetail.swift */ = {isa = PBXFileReference; lastKnownFileType = sourcecode.swift; path = LandmarkDetail.swift; sourceTree = "<group>"; };
		A3BEC33D28F7DAA800004532 /* FavoriteButton.swift */ = {isa = PBXFileReference; lastKnownFileType = sourcecode.swift; path = FavoriteButton.swift; sourceTree = "<group>"; };
/* End PBXFileReference section */

/* Begin PBXFrameworksBuildPhase section */
		A3BEC31228F7853400004532 /* Frameworks */ = {
			isa = PBXFrameworksBuildPhase;
			buildActionMask = 2147483647;
			files = (
			);
			runOnlyForDeploymentPostprocessing = 0;
		};
/* End PBXFrameworksBuildPhase section */

/* Begin PBXGroup section */
		A3BEC30C28F7853400004532 = {
			isa = PBXGroup;
			children = (
				A3BEC34028F7DB0C00004532 /* Helpers */,
				A3BEC31728F7853400004532 /* Landmarks */,
				A3BEC31628F7853400004532 /* Products */,
			);
			sourceTree = "<group>";
		};
		A3BEC31628F7853400004532 /* Products */ = {
			isa = PBXGroup;
			children = (
				A3BEC31528F7853400004532 /* Landmarks.app */,
			);
			name = Products;
			sourceTree = "<group>";
		};
		A3BEC31728F7853400004532 /* Landmarks */ = {
			isa = PBXGroup;
			children = (
				A3BEC31828F7853400004532 /* LandmarksApp.swift */,
				A3BEC33928F7D12C00004532 /* LandmarkList.swift */,
				A3BEC33728F7CFFB00004532 /* LandmarkRow.swift */,
				A3BEC33B28F7D21D00004532 /* LandmarkDetail.swift */,
				A3BEC33428F7CFA800004532 /* Views */,
				A3BEC33628F7CFD300004532 /* Resources */,
				A3BEC33528F7CFBE00004532 /* Model */,
				A3BEC31E28F7853500004532 /* Preview Content */,
			);
			path = Landmarks;
			sourceTree = "<group>";
		};
		A3BEC31E28F7853500004532 /* Preview Content */ = {
			isa = PBXGroup;
			children = (
				A3BEC31C28F7853500004532 /* Assets.xcassets */,
				A3BEC31F28F7853500004532 /* Preview Assets.xcassets */,
			);
			path = "Preview Content";
			sourceTree = "<group>";
		};
		A3BEC33428F7CFA800004532 /* Views */ = {
			isa = PBXGroup;
			children = (
				A3BEC31A28F7853400004532 /* ContentView.swift */,
			);
			path = Views;
			sourceTree = "<group>";
		};
		A3BEC33528F7CFBE00004532 /* Model */ = {
			isa = PBXGroup;
			children = (
				A3BEC32E28F7CD3800004532 /* Landmark.swift */,
				A3BEC33228F7CEDC00004532 /* ModelData.swift */,
			);
			path = Model;
			sourceTree = "<group>";
		};
		A3BEC33628F7CFD300004532 /* Resources */ = {
			isa = PBXGroup;
			children = (
				A3BEC32C28F7CD2A00004532 /* landmarkData.json */,
			);
			path = Resources;
			sourceTree = "<group>";
		};
		A3BEC34028F7DB0C00004532 /* Helpers */ = {
			isa = PBXGroup;
			children = (
				A3BEC32828F7882B00004532 /* CircleImage.swift */,
				A3BEC33D28F7DAA800004532 /* FavoriteButton.swift */,
				A3BEC32A28F7C5A300004532 /* MapView.swift */,
			);
			path = Helpers;
			sourceTree = "<group>";
		};
/* End PBXGroup section */

/* Begin PBXNativeTarget section */
		A3BEC31428F7853400004532 /* Landmarks */ = {
			isa = PBXNativeTarget;
			buildConfigurationList = A3BEC32328F7853500004532 /* Build configuration list for PBXNativeTarget "Landmarks" */;
			buildPhases = (
				A3BEC31128F7853400004532 /* Sources */,
				A3BEC31228F7853400004532 /* Frameworks */,
				A3BEC31328F7853400004532 /* Resources */,
			);
			buildRules = (
			);
			dependencies = (
			);
			name = Landmarks;
			productName = Landmarks;
			productReference = A3BEC31528F7853400004532 /* Landmarks.app */;
			productType = "com.apple.product-type.application";
		};
/* End PBXNativeTarget section */

/* Begin PBXProject section */
		A3BEC30D28F7853400004532 /* Project object */ = {
			isa = PBXProject;
			attributes = {
				BuildIndependentTargetsInParallel = 1;
				LastSwiftUpdateCheck = 1400;
				LastUpgradeCheck = 1400;
				TargetAttributes = {
					A3BEC31428F7853400004532 = {
						CreatedOnToolsVersion = 14.0.1;
					};
				};
			};
			buildConfigurationList = A3BEC31028F7853400004532 /* Build configuration list for PBXProject "Landmarks" */;
			compatibilityVersion = "Xcode 14.0";
			developmentRegion = en;
			hasScannedForEncodings = 0;
			knownRegions = (
				en,
				Base,
			);
			mainGroup = A3BEC30C28F7853400004532;
			productRefGroup = A3BEC31628F7853400004532 /* Products */;
			projectDirPath = "";
			projectRoot = "";
			targets = (
				A3BEC31428F7853400004532 /* Landmarks */,
			);
		};
/* End PBXProject section */

/* Begin PBXResourcesBuildPhase section */
		A3BEC31328F7853400004532 /* Resources */ = {
			isa = PBXResourcesBuildPhase;
			buildActionMask = 2147483647;
			files = (
				A3BEC32028F7853500004532 /* Preview Assets.xcassets in Resources */,
				A3BEC31D28F7853500004532 /* Assets.xcassets in Resources */,
				A3BEC32D28F7CD2A00004532 /* landmarkData.json in Resources */,
			);
			runOnlyForDeploymentPostprocessing = 0;
		};
/* End PBXResourcesBuildPhase section */

/* Begin PBXSourcesBuildPhase section */
		A3BEC31128F7853400004532 /* Sources */ = {
			isa = PBXSourcesBuildPhase;
			buildActionMask = 2147483647;
			files = (
				A3BEC31B28F7853400004532 /* ContentView.swift in Sources */,
				A3BEC32B28F7C5A300004532 /* MapView.swift in Sources */,
				A3BEC31928F7853400004532 /* LandmarksApp.swift in Sources */,
				A3BEC33E28F7DAA800004532 /* FavoriteButton.swift in Sources */,
				A3BEC33A28F7D12C00004532 /* LandmarkList.swift in Sources */,
				A3BEC33C28F7D21D00004532 /* LandmarkDetail.swift in Sources */,
				A3BEC32928F7882B00004532 /* CircleImage.swift in Sources */,
				A3BEC32F28F7CD3800004532 /* Landmark.swift in Sources */,
				A3BEC33828F7CFFB00004532 /* LandmarkRow.swift in Sources */,
				A3BEC33328F7CEDC00004532 /* ModelData.swift in Sources */,
			);
			runOnlyForDeploymentPostprocessing = 0;
		};
/* End PBXSourcesBuildPhase section */

/* Begin XCBuildConfiguration section */
		A3BEC32128F7853500004532 /* Debug */ = {
			isa = XCBuildConfiguration;
			buildSettings = {
				ALWAYS_SEARCH_USER_PATHS = NO;
				CLANG_ANALYZER_NONNULL = YES;
				CLANG_ANALYZER_NUMBER_OBJECT_CONVERSION = YES_AGGRESSIVE;
				CLANG_CXX_LANGUAGE_STANDARD = "gnu++20";
				CLANG_ENABLE_MODULES = YES;
				CLANG_ENABLE_OBJC_ARC = YES;
				CLANG_ENABLE_OBJC_WEAK = YES;
				CLANG_WARN_BLOCK_CAPTURE_AUTORELEASING = YES;
				CLANG_WARN_BOOL_CONVERSION = YES;
				CLANG_WARN_COMMA = YES;
				CLANG_WARN_CONSTANT_CONVERSION = YES;
				CLANG_WARN_DEPRECATED_OBJC_IMPLEMENTATIONS = YES;
				CLANG_WARN_DIRECT_OBJC_ISA_USAGE = YES_ERROR;
				CLANG_WARN_DOCUMENTATION_COMMENTS = YES;
				CLANG_WARN_EMPTY_BODY = YES;
				CLANG_WARN_ENUM_CONVERSION = YES;
				CLANG_WARN_INFINITE_RECURSION = YES;
				CLANG_WARN_INT_CONVERSION = YES;
				CLANG_WARN_NON_LITERAL_NULL_CONVERSION = YES;
				CLANG_WARN_OBJC_IMPLICIT_RETAIN_SELF = YES;
				CLANG_WARN_OBJC_LITERAL_CONVERSION = YES;
				CLANG_WARN_OBJC_ROOT_CLASS = YES_ERROR;
				CLANG_WARN_QUOTED_INCLUDE_IN_FRAMEWORK_HEADER = YES;
				CLANG_WARN_RANGE_LOOP_ANALYSIS = YES;
				CLANG_WARN_STRICT_PROTOTYPES = YES;
				CLANG_WARN_SUSPICIOUS_MOVE = YES;
				CLANG_WARN_UNGUARDED_AVAILABILITY = YES_AGGRESSIVE;
				CLANG_WARN_UNREACHABLE_CODE = YES;
				CLANG_WARN__DUPLICATE_METHOD_MATCH = YES;
				COPY_PHASE_STRIP = NO;
				DEBUG_INFORMATION_FORMAT = dwarf;
				ENABLE_STRICT_OBJC_MSGSEND = YES;
				ENABLE_TESTABILITY = YES;
				GCC_C_LANGUAGE_STANDARD = gnu11;
				GCC_DYNAMIC_NO_PIC = NO;
				GCC_NO_COMMON_BLOCKS = YES;
				GCC_OPTIMIZATION_LEVEL = 0;
				GCC_PREPROCESSOR_DEFINITIONS = (
					"DEBUG=1",
					"$(inherited)",
				);
				GCC_WARN_64_TO_32_BIT_CONVERSION = YES;
				GCC_WARN_ABOUT_RETURN_TYPE = YES_ERROR;
				GCC_WARN_UNDECLARED_SELECTOR = YES;
				GCC_WARN_UNINITIALIZED_AUTOS = YES_AGGRESSIVE;
				GCC_WARN_UNUSED_FUNCTION = YES;
				GCC_WARN_UNUSED_VARIABLE = YES;
				IPHONEOS_DEPLOYMENT_TARGET = 16.0;
				MTL_ENABLE_DEBUG_INFO = INCLUDE_SOURCE;
				MTL_FAST_MATH = YES;
				ONLY_ACTIVE_ARCH = YES;
				SDKROOT = iphoneos;
				SWIFT_ACTIVE_COMPILATION_CONDITIONS = DEBUG;
				SWIFT_OPTIMIZATION_LEVEL = "-Onone";
			};
			name = Debug;
		};
		A3BEC32228F7853500004532 /* Release */ = {
			isa = XCBuildConfiguration;
			buildSettings = {
				ALWAYS_SEARCH_USER_PATHS = NO;
				CLANG_ANALYZER_NONNULL = YES;
				CLANG_ANALYZER_NUMBER_OBJECT_CONVERSION = YES_AGGRESSIVE;
				CLANG_CXX_LANGUAGE_STANDARD = "gnu++20";
				CLANG_ENABLE_MODULES = YES;
				CLANG_ENABLE_OBJC_ARC = YES;
				CLANG_ENABLE_OBJC_WEAK = YES;
				CLANG_WARN_BLOCK_CAPTURE_AUTORELEASING = YES;
				CLANG_WARN_BOOL_CONVERSION = YES;
				CLANG_WARN_COMMA = YES;
				CLANG_WARN_CONSTANT_CONVERSION = YES;
				CLANG_WARN_DEPRECATED_OBJC_IMPLEMENTATIONS = YES;
				CLANG_WARN_DIRECT_OBJC_ISA_USAGE = YES_ERROR;
				CLANG_WARN_DOCUMENTATION_COMMENTS = YES;
				CLANG_WARN_EMPTY_BODY = YES;
				CLANG_WARN_ENUM_CONVERSION = YES;
				CLANG_WARN_INFINITE_RECURSION = YES;
				CLANG_WARN_INT_CONVERSION = YES;
				CLANG_WARN_NON_LITERAL_NULL_CONVERSION = YES;
				CLANG_WARN_OBJC_IMPLICIT_RETAIN_SELF = YES;
				CLANG_WARN_OBJC_LITERAL_CONVERSION = YES;
				CLANG_WARN_OBJC_ROOT_CLASS = YES_ERROR;
				CLANG_WARN_QUOTED_INCLUDE_IN_FRAMEWORK_HEADER = YES;
				CLANG_WARN_RANGE_LOOP_ANALYSIS = YES;
				CLANG_WARN_STRICT_PROTOTYPES = YES;
				CLANG_WARN_SUSPICIOUS_MOVE = YES;
				CLANG_WARN_UNGUARDED_AVAILABILITY = YES_AGGRESSIVE;
				CLANG_WARN_UNREACHABLE_CODE = YES;
				CLANG_WARN__DUPLICATE_METHOD_MATCH = YES;
				COPY_PHASE_STRIP = NO;
				DEBUG_INFORMATION_FORMAT = "dwarf-with-dsym";
				ENABLE_NS_ASSERTIONS = NO;
				ENABLE_STRICT_OBJC_MSGSEND = YES;
				GCC_C_LANGUAGE_STANDARD = gnu11;
				GCC_NO_COMMON_BLOCKS = YES;
				GCC_WARN_64_TO_32_BIT_CONVERSION = YES;
				GCC_WARN_ABOUT_RETURN_TYPE = YES_ERROR;
				GCC_WARN_UNDECLARED_SELECTOR = YES;
				GCC_WARN_UNINITIALIZED_AUTOS = YES_AGGRESSIVE;
				GCC_WARN_UNUSED_FUNCTION = YES;
				GCC_WARN_UNUSED_VARIABLE = YES;
				IPHONEOS_DEPLOYMENT_TARGET = 16.0;
				MTL_ENABLE_DEBUG_INFO = NO;
				MTL_FAST_MATH = YES;
				SDKROOT = iphoneos;
				SWIFT_COMPILATION_MODE = wholemodule;
				SWIFT_OPTIMIZATION_LEVEL = "-O";
				VALIDATE_PRODUCT = YES;
			};
			name = Release;
		};
		A3BEC32428F7853500004532 /* Debug */ = {
			isa = XCBuildConfiguration;
			buildSettings = {
				ASSETCATALOG_COMPILER_APPICON_NAME = AppIcon;
				ASSETCATALOG_COMPILER_GLOBAL_ACCENT_COLOR_NAME = AccentColor;
				CODE_SIGN_STYLE = Automatic;
				CURRENT_PROJECT_VERSION = 1;
				DEVELOPMENT_ASSET_PATHS = "\"Landmarks/Preview Content\"";
				ENABLE_PREVIEWS = YES;
				GENERATE_INFOPLIST_FILE = YES;
				INFOPLIST_KEY_UIApplicationSceneManifest_Generation = YES;
				INFOPLIST_KEY_UIApplicationSupportsIndirectInputEvents = YES;
				INFOPLIST_KEY_UILaunchScreen_Generation = YES;
				INFOPLIST_KEY_UISupportedInterfaceOrientations_iPad = "UIInterfaceOrientationPortrait UIInterfaceOrientationPortraitUpsideDown UIInterfaceOrientationLandscapeLeft UIInterfaceOrientationLandscapeRight";
				INFOPLIST_KEY_UISupportedInterfaceOrientations_iPhone = "UIInterfaceOrientationPortrait UIInterfaceOrientationLandscapeLeft UIInterfaceOrientationLandscapeRight";
				LD_RUNPATH_SEARCH_PATHS = (
					"$(inherited)",
					"@executable_path/Frameworks",
				);
				MARKETING_VERSION = 1.0;
				PRODUCT_BUNDLE_IDENTIFIER = dlwogus0128.Landmarks;
				PRODUCT_NAME = "$(TARGET_NAME)";
				SWIFT_EMIT_LOC_STRINGS = YES;
				SWIFT_VERSION = 5.0;
				TARGETED_DEVICE_FAMILY = "1,2";
			};
			name = Debug;
		};
		A3BEC32528F7853500004532 /* Release */ = {
			isa = XCBuildConfiguration;
			buildSettings = {
				ASSETCATALOG_COMPILER_APPICON_NAME = AppIcon;
				ASSETCATALOG_COMPILER_GLOBAL_ACCENT_COLOR_NAME = AccentColor;
				CODE_SIGN_STYLE = Automatic;
				CURRENT_PROJECT_VERSION = 1;
				DEVELOPMENT_ASSET_PATHS = "\"Landmarks/Preview Content\"";
				ENABLE_PREVIEWS = YES;
				GENERATE_INFOPLIST_FILE = YES;
				INFOPLIST_KEY_UIApplicationSceneManifest_Generation = YES;
				INFOPLIST_KEY_UIApplicationSupportsIndirectInputEvents = YES;
				INFOPLIST_KEY_UILaunchScreen_Generation = YES;
				INFOPLIST_KEY_UISupportedInterfaceOrientations_iPad = "UIInterfaceOrientationPortrait UIInterfaceOrientationPortraitUpsideDown UIInterfaceOrientationLandscapeLeft UIInterfaceOrientationLandscapeRight";
				INFOPLIST_KEY_UISupportedInterfaceOrientations_iPhone = "UIInterfaceOrientationPortrait UIInterfaceOrientationLandscapeLeft UIInterfaceOrientationLandscapeRight";
				LD_RUNPATH_SEARCH_PATHS = (
					"$(inherited)",
					"@executable_path/Frameworks",
				);
				MARKETING_VERSION = 1.0;
				PRODUCT_BUNDLE_IDENTIFIER = dlwogus0128.Landmarks;
				PRODUCT_NAME = "$(TARGET_NAME)";
				SWIFT_EMIT_LOC_STRINGS = YES;
				SWIFT_VERSION = 5.0;
				TARGETED_DEVICE_FAMILY = "1,2";
			};
			name = Release;
		};
/* End XCBuildConfiguration section */

/* Begin XCConfigurationList section */
		A3BEC31028F7853400004532 /* Build configuration list for PBXProject "Landmarks" */ = {
			isa = XCConfigurationList;
			buildConfigurations = (
				A3BEC32128F7853500004532 /* Debug */,
				A3BEC32228F7853500004532 /* Release */,
			);
			defaultConfigurationIsVisible = 0;
			defaultConfigurationName = Release;
		};
		A3BEC32328F7853500004532 /* Build configuration list for PBXNativeTarget "Landmarks" */ = {
			isa = XCConfigurationList;
			buildConfigurations = (
				A3BEC32428F7853500004532 /* Debug */,
				A3BEC32528F7853500004532 /* Release */,
			);
			defaultConfigurationIsVisible = 0;
			defaultConfigurationName = Release;
		};
/* End XCConfigurationList section */
	};
	rootObject = A3BEC30D28F7853400004532 /* Project object */;
}
